
Microsoft Visual Studio Solution File, Format Version 12.00
# Visual Studio Version 16
VisualStudioVersion = 16.0.34031.81
MinimumVisualStudioVersion = 10.0.40219.1
Project("{2150E333-8FDC-42A3-9474-1A3956D46DE8}") = "Task0", "Task0", "{EC43F888-239B-44FD-B3B1-E1FCA7C45255}"
EndProject
Project("{FAE04EC0-301F-11D3-BF4B-00C04F79EFBC}") = "Tyuiu.ChepurnykhSR.Sprint2.Task0.V3", "Tyuiu.ChepurnykhSR.Sprint2.Task0.V3\Tyuiu.ChepurnykhSR.Sprint2.Task0.V3.csproj", "{DBC6AAFF-C207-40F1-AC78-8B000FD0D069}"
EndProject
Project("{FAE04EC0-301F-11D3-BF4B-00C04F79EFBC}") = "Tyuiu.ChepurnykhSR.Sprint2.Task0.V3.Lib", "Tyuiu.ChepurnykhSR.Sprint2.Task0.V3.Lib\Tyuiu.ChepurnykhSR.Sprint2.Task0.V3.Lib.csproj", "{41D1D17A-F9D3-46F7-A07D-823846EEA471}"
EndProject
Project("{FAE04EC0-301F-11D3-BF4B-00C04F79EFBC}") = "Tyuiu.ChepurnykhSR.Sprint2.Task0.V3.Test", "Tyuiu.ChepurnykhSR.Sprint2.Task0.V3.Test\Tyuiu.ChepurnykhSR.Sprint2.Task0.V3.Test.csproj", "{2122D4BE-8FC5-41FB-8CB7-7EC83AB9113A}"
EndProject
Project("{2150E333-8FDC-42A3-9474-1A3956D46DE8}") = "Task1", "Task1", "{12CC645F-4CE5-4217-8ACD-D6ADBD7B5CFE}"
EndProject
Project("{FAE04EC0-301F-11D3-BF4B-00C04F79EFBC}") = "Tyuiu.ChepurnykhSR.Sprint2.Task1.V5", "Tyuiu.ChepurnykhSR.Sprint2.Task1.V5\Tyuiu.ChepurnykhSR.Sprint2.Task1.V5.csproj", "{E16BA475-9978-470C-95C3-773DAA7F6DC0}"
EndProject
Project("{FAE04EC0-301F-11D3-BF4B-00C04F79EFBC}") = "Tyuiu.ChepurnykhSR.Sprint2.Task1.V5.Lib", "Tyuiu.ChepurnykhSR.Sprint2.Task1.V5.Lib\Tyuiu.ChepurnykhSR.Sprint2.Task1.V5.Lib.csproj", "{0DD8565A-8629-4C9A-9B6B-DF7744E503C8}"
EndProject
Project("{FAE04EC0-301F-11D3-BF4B-00C04F79EFBC}") = "Tyuiu.ChepurnykhSR.Sprint2.Task1.V5.Test", "Tyuiu.ChepurnykhSR.Sprint2.Task1.V5.Test\Tyuiu.ChepurnykhSR.Sprint2.Task1.V5.Test.csproj", "{D1E226B5-B7A7-4AD5-A72A-CD69903B32FB}"
EndProject
Project("{2150E333-8FDC-42A3-9474-1A3956D46DE8}") = "Task2", "Task2", "{5C59F58E-19A4-4606-A3FF-D16A0921CCC3}"
EndProject
Project("{FAE04EC0-301F-11D3-BF4B-00C04F79EFBC}") = "Tyuiu.ChepurnykhSR.Sprint2.Task2.V13", "Tyuiu.ChepurnykhSR.Sprint2.Task2.V13\Tyuiu.ChepurnykhSR.Sprint2.Task2.V13.csproj", "{2BDBBD1F-857F-416A-BF97-F7DF2521D889}"
EndProject
Project("{FAE04EC0-301F-11D3-BF4B-00C04F79EFBC}") = "Tyuiu.ChepurnykhSR.Sprint2.Task2.V13.Lib", "Tyuiu.ChepurnykhSR.Sprint2.Task2.V13.Lib\Tyuiu.ChepurnykhSR.Sprint2.Task2.V13.Lib.csproj", "{030564A9-762C-4622-B32D-504F0B527709}"
EndProject
Project("{FAE04EC0-301F-11D3-BF4B-00C04F79EFBC}") = "Tyuiu.ChepurnykhSR.Sprint2.Task2.V13.Test", "Tyuiu.ChepurnykhSR.Sprint2.Task2.V13.Test\Tyuiu.ChepurnykhSR.Sprint2.Task2.V13.Test.csproj", "{0829E8B1-688B-4797-959A-7C0307C85D26}"
EndProject
Project("{2150E333-8FDC-42A3-9474-1A3956D46DE8}") = "Task3", "Task3", "{38991F7D-458C-4FE4-A13A-E9FB90D59CAC}"
EndProject
Project("{FAE04EC0-301F-11D3-BF4B-00C04F79EFBC}") = "Tyuiu.ChepurnykhSR.Sprint2.Task3.V18", "Tyuiu.ChepurnykhSR.Sprint2.Task3.V18\Tyuiu.ChepurnykhSR.Sprint2.Task3.V18.csproj", "{EEC46D6C-CE25-43EF-A4C7-2AE400D556A6}"
EndProject
Project("{FAE04EC0-301F-11D3-BF4B-00C04F79EFBC}") = "Tyuiu.ChepurnykhSR.Sprint2.Task3.V18.Lib", "Tyuiu.ChepurnykhSR.Sprint2.Task3.V18.Lib\Tyuiu.ChepurnykhSR.Sprint2.Task3.V18.Lib.csproj", "{BCADE0E3-E553-4D52-9BD7-EF43BDA79775}"
EndProject
Project("{FAE04EC0-301F-11D3-BF4B-00C04F79EFBC}") = "Tyuiu.ChepurnykhSR.Sprint2.Task3.V18.Test", "Tyuiu.ChepurnykhSR.Sprint2.Task3.V18.Test\Tyuiu.ChepurnykhSR.Sprint2.Task3.V18.Test.csproj", "{B13D44B5-0875-42F1-955B-6CCE93C9D31F}"
EndProject
Project("{2150E333-8FDC-42A3-9474-1A3956D46DE8}") = "Task4", "Task4", "{D7F95365-115D-473D-B3BE-190F412433CB}"
EndProject
Project("{FAE04EC0-301F-11D3-BF4B-00C04F79EFBC}") = "Tyuiu.ChepurnykhSR.Sprint2.Task4.V4", "Tyuiu.ChepurnykhSR.Sprint2.Task4.V4\Tyuiu.ChepurnykhSR.Sprint2.Task4.V4.csproj", "{00C21DA5-D079-4B4C-B2F1-77B4AC7E4499}"
EndProject
Project("{FAE04EC0-301F-11D3-BF4B-00C04F79EFBC}") = "Tyuiu.ChepurnykhSR.Sprint2.Task4.V4.Lib", "Tyuiu.ChepurnykhSR.Sprint2.Task4.V4.Lib\Tyuiu.ChepurnykhSR.Sprint2.Task4.V4.Lib.csproj", "{A7613D10-A95D-48CE-887A-B3000855D087}"
EndProject
Project("{FAE04EC0-301F-11D3-BF4B-00C04F79EFBC}") = "Tyuiu.ChepurnykhSR.Sprint2.Task4.V4.Test", "Tyuiu.ChepurnykhSR.Sprint2.Task4.V4.Test\Tyuiu.ChepurnykhSR.Sprint2.Task4.V4.Test.csproj", "{4DBD3272-98F8-4CC3-9A4D-234ACB838CF0}"
EndProject
Project("{2150E333-8FDC-42A3-9474-1A3956D46DE8}") = "Task5", "Task5", "{5BB64B23-7093-4AA3-9973-67B8FD0C368F}"
EndProject
Project("{FAE04EC0-301F-11D3-BF4B-00C04F79EFBC}") = "Tyuiu.ChepurnykhSR.Sprint2.Task5.V14", "Tyuiu.ChepurnykhSR.Sprint2.Task5.V14\Tyuiu.ChepurnykhSR.Sprint2.Task5.V14.csproj", "{34404D3E-DBCF-40AA-8A9B-CB96B66C17E8}"
EndProject
Project("{FAE04EC0-301F-11D3-BF4B-00C04F79EFBC}") = "Tyuiu.ChepurnykhSR.Sprint2.Task5.V14.Lib", "Tyuiu.ChepurnykhSR.Sprint2.Task5.V14.Lib\Tyuiu.ChepurnykhSR.Sprint2.Task5.V14.Lib.csproj", "{4C4545CE-C232-4FE1-A955-5DA95585A14B}"
EndProject
Project("{FAE04EC0-301F-11D3-BF4B-00C04F79EFBC}") = "Tyuiu.ChepurnykhSR.Sprint2.Task5.V14.Test", "Tyuiu.ChepurnykhSR.Sprint2.Task5.V14.Test\Tyuiu.ChepurnykhSR.Sprint2.Task5.V14.Test.csproj", "{DFB96B29-5BAD-4941-A26A-016ABE812FE3}"
EndProject
Project("{2150E333-8FDC-42A3-9474-1A3956D46DE8}") = "Task6", "Task6", "{F6D74B70-949B-4847-A878-2E157D71CEB1}"
EndProject
Project("{FAE04EC0-301F-11D3-BF4B-00C04F79EFBC}") = "Tyuiu.ChepurnykhSR.Sprint2.Task6.V8", "Tyuiu.ChepurnykhSR.Sprint2.Task6.V8\Tyuiu.ChepurnykhSR.Sprint2.Task6.V8.csproj", "{A38FA7F2-1042-4351-8288-34008EAF9225}"
EndProject
Project("{FAE04EC0-301F-11D3-BF4B-00C04F79EFBC}") = "Tyuiu.ChepurnykhSR.Sprint2.Task6.V8.Lib", "Tyuiu.ChepurnykhSR.Sprint2.Task6.V8.Lib\Tyuiu.ChepurnykhSR.Sprint2.Task6.V8.Lib.csproj", "{20A9A6F2-6261-4590-8DDC-69D8F5D68D82}"
EndProject
Project("{FAE04EC0-301F-11D3-BF4B-00C04F79EFBC}") = "Tyuiu.ChepurnykhSR.Sprint2.Task6.V8.Test", "Tyuiu.ChepurnykhSR.Sprint2.Task6.V8.Test\Tyuiu.ChepurnykhSR.Sprint2.Task6.V8.Test.csproj", "{01CF0B78-A5BD-4645-A768-48EC66131F58}"
EndProject
Project("{2150E333-8FDC-42A3-9474-1A3956D46DE8}") = "Task7", "Task7", "{728558AD-D86A-4BBC-8028-3E9543341D2C}"
EndProject
Project("{FAE04EC0-301F-11D3-BF4B-00C04F79EFBC}") = "Tyuiu.ChepurnykhSR.Sprint2.Task7.V8", "Tyuiu.ChepurnykhSR.Sprint2.Task7.V8\Tyuiu.ChepurnykhSR.Sprint2.Task7.V8.csproj", "{3F3C1BCF-AE7A-482A-90F1-CEFDFD12481C}"
EndProject
Project("{FAE04EC0-301F-11D3-BF4B-00C04F79EFBC}") = "Tyuiu.ChepurnykhSR.Sprint2.Task7.V8.Lib", "Tyuiu.ChepurnykhSR.Sprint2.Task7.V8.Lib\Tyuiu.ChepurnykhSR.Sprint2.Task7.V8.Lib.csproj", "{2F865177-6157-4CC2-B99E-7441C91CB40B}"
EndProject
Project("{FAE04EC0-301F-11D3-BF4B-00C04F79EFBC}") = "Tyuiu.ChepurnykhSR.Sprint2.Task7.V8.Test", "Tyuiu.ChepurnykhSR.Sprint2.Task7.V8.Test\Tyuiu.ChepurnykhSR.Sprint2.Task7.V8.Test.csproj", "{BBB923F2-D381-467B-B468-AD7EDB148A2D}"
EndProject
Global
	GlobalSection(SolutionConfigurationPlatforms) = preSolution
		Debug|Any CPU = Debug|Any CPU
		Release|Any CPU = Release|Any CPU
	EndGlobalSection
	GlobalSection(ProjectConfigurationPlatforms) = postSolution
		{DBC6AAFF-C207-40F1-AC78-8B000FD0D069}.Debug|Any CPU.ActiveCfg = Debug|Any CPU
		{DBC6AAFF-C207-40F1-AC78-8B000FD0D069}.Debug|Any CPU.Build.0 = Debug|Any CPU
		{DBC6AAFF-C207-40F1-AC78-8B000FD0D069}.Release|Any CPU.ActiveCfg = Release|Any CPU
		{DBC6AAFF-C207-40F1-AC78-8B000FD0D069}.Release|Any CPU.Build.0 = Release|Any CPU
		{41D1D17A-F9D3-46F7-A07D-823846EEA471}.Debug|Any CPU.ActiveCfg = Debug|Any CPU
		{41D1D17A-F9D3-46F7-A07D-823846EEA471}.Debug|Any CPU.Build.0 = Debug|Any CPU
		{41D1D17A-F9D3-46F7-A07D-823846EEA471}.Release|Any CPU.ActiveCfg = Release|Any CPU
		{41D1D17A-F9D3-46F7-A07D-823846EEA471}.Release|Any CPU.Build.0 = Release|Any CPU
		{2122D4BE-8FC5-41FB-8CB7-7EC83AB9113A}.Debug|Any CPU.ActiveCfg = Debug|Any CPU
		{2122D4BE-8FC5-41FB-8CB7-7EC83AB9113A}.Debug|Any CPU.Build.0 = Debug|Any CPU
		{2122D4BE-8FC5-41FB-8CB7-7EC83AB9113A}.Release|Any CPU.ActiveCfg = Release|Any CPU
		{2122D4BE-8FC5-41FB-8CB7-7EC83AB9113A}.Release|Any CPU.Build.0 = Release|Any CPU
		{E16BA475-9978-470C-95C3-773DAA7F6DC0}.Debug|Any CPU.ActiveCfg = Debug|Any CPU
		{E16BA475-9978-470C-95C3-773DAA7F6DC0}.Debug|Any CPU.Build.0 = Debug|Any CPU
		{E16BA475-9978-470C-95C3-773DAA7F6DC0}.Release|Any CPU.ActiveCfg = Release|Any CPU
		{E16BA475-9978-470C-95C3-773DAA7F6DC0}.Release|Any CPU.Build.0 = Release|Any CPU
		{0DD8565A-8629-4C9A-9B6B-DF7744E503C8}.Debug|Any CPU.ActiveCfg = Debug|Any CPU
		{0DD8565A-8629-4C9A-9B6B-DF7744E503C8}.Debug|Any CPU.Build.0 = Debug|Any CPU
		{0DD8565A-8629-4C9A-9B6B-DF7744E503C8}.Release|Any CPU.ActiveCfg = Release|Any CPU
		{0DD8565A-8629-4C9A-9B6B-DF7744E503C8}.Release|Any CPU.Build.0 = Release|Any CPU
		{D1E226B5-B7A7-4AD5-A72A-CD69903B32FB}.Debug|Any CPU.ActiveCfg = Debug|Any CPU
		{D1E226B5-B7A7-4AD5-A72A-CD69903B32FB}.Debug|Any CPU.Build.0 = Debug|Any CPU
		{D1E226B5-B7A7-4AD5-A72A-CD69903B32FB}.Release|Any CPU.ActiveCfg = Release|Any CPU
		{D1E226B5-B7A7-4AD5-A72A-CD69903B32FB}.Release|Any CPU.Build.0 = Release|Any CPU
		{2BDBBD1F-857F-416A-BF97-F7DF2521D889}.Debug|Any CPU.ActiveCfg = Debug|Any CPU
		{2BDBBD1F-857F-416A-BF97-F7DF2521D889}.Debug|Any CPU.Build.0 = Debug|Any CPU
		{2BDBBD1F-857F-416A-BF97-F7DF2521D889}.Release|Any CPU.ActiveCfg = Release|Any CPU
		{2BDBBD1F-857F-416A-BF97-F7DF2521D889}.Release|Any CPU.Build.0 = Release|Any CPU
		{030564A9-762C-4622-B32D-504F0B527709}.Debug|Any CPU.ActiveCfg = Debug|Any CPU
		{030564A9-762C-4622-B32D-504F0B527709}.Debug|Any CPU.Build.0 = Debug|Any CPU
		{030564A9-762C-4622-B32D-504F0B527709}.Release|Any CPU.ActiveCfg = Release|Any CPU
		{030564A9-762C-4622-B32D-504F0B527709}.Release|Any CPU.Build.0 = Release|Any CPU
		{0829E8B1-688B-4797-959A-7C0307C85D26}.Debug|Any CPU.ActiveCfg = Debug|Any CPU
		{0829E8B1-688B-4797-959A-7C0307C85D26}.Debug|Any CPU.Build.0 = Debug|Any CPU
		{0829E8B1-688B-4797-959A-7C0307C85D26}.Release|Any CPU.ActiveCfg = Release|Any CPU
		{0829E8B1-688B-4797-959A-7C0307C85D26}.Release|Any CPU.Build.0 = Release|Any CPU
		{EEC46D6C-CE25-43EF-A4C7-2AE400D556A6}.Debug|Any CPU.ActiveCfg = Debug|Any CPU
		{EEC46D6C-CE25-43EF-A4C7-2AE400D556A6}.Debug|Any CPU.Build.0 = Debug|Any CPU
		{EEC46D6C-CE25-43EF-A4C7-2AE400D556A6}.Release|Any CPU.ActiveCfg = Release|Any CPU
		{EEC46D6C-CE25-43EF-A4C7-2AE400D556A6}.Release|Any CPU.Build.0 = Release|Any CPU
		{BCADE0E3-E553-4D52-9BD7-EF43BDA79775}.Debug|Any CPU.ActiveCfg = Debug|Any CPU
		{BCADE0E3-E553-4D52-9BD7-EF43BDA79775}.Debug|Any CPU.Build.0 = Debug|Any CPU
		{BCADE0E3-E553-4D52-9BD7-EF43BDA79775}.Release|Any CPU.ActiveCfg = Release|Any CPU
		{BCADE0E3-E553-4D52-9BD7-EF43BDA79775}.Release|Any CPU.Build.0 = Release|Any CPU
		{B13D44B5-0875-42F1-955B-6CCE93C9D31F}.Debug|Any CPU.ActiveCfg = Debug|Any CPU
		{B13D44B5-0875-42F1-955B-6CCE93C9D31F}.Debug|Any CPU.Build.0 = Debug|Any CPU
		{B13D44B5-0875-42F1-955B-6CCE93C9D31F}.Release|Any CPU.ActiveCfg = Release|Any CPU
		{B13D44B5-0875-42F1-955B-6CCE93C9D31F}.Release|Any CPU.Build.0 = Release|Any CPU
		{00C21DA5-D079-4B4C-B2F1-77B4AC7E4499}.Debug|Any CPU.ActiveCfg = Debug|Any CPU
		{00C21DA5-D079-4B4C-B2F1-77B4AC7E4499}.Debug|Any CPU.Build.0 = Debug|Any CPU
		{00C21DA5-D079-4B4C-B2F1-77B4AC7E4499}.Release|Any CPU.ActiveCfg = Release|Any CPU
		{00C21DA5-D079-4B4C-B2F1-77B4AC7E4499}.Release|Any CPU.Build.0 = Release|Any CPU
		{A7613D10-A95D-48CE-887A-B3000855D087}.Debug|Any CPU.ActiveCfg = Debug|Any CPU
		{A7613D10-A95D-48CE-887A-B3000855D087}.Debug|Any CPU.Build.0 = Debug|Any CPU
		{A7613D10-A95D-48CE-887A-B3000855D087}.Release|Any CPU.ActiveCfg = Release|Any CPU
		{A7613D10-A95D-48CE-887A-B3000855D087}.Release|Any CPU.Build.0 = Release|Any CPU
		{4DBD3272-98F8-4CC3-9A4D-234ACB838CF0}.Debug|Any CPU.ActiveCfg = Debug|Any CPU
		{4DBD3272-98F8-4CC3-9A4D-234ACB838CF0}.Debug|Any CPU.Build.0 = Debug|Any CPU
		{4DBD3272-98F8-4CC3-9A4D-234ACB838CF0}.Release|Any CPU.ActiveCfg = Release|Any CPU
		{4DBD3272-98F8-4CC3-9A4D-234ACB838CF0}.Release|Any CPU.Build.0 = Release|Any CPU
		{34404D3E-DBCF-40AA-8A9B-CB96B66C17E8}.Debug|Any CPU.ActiveCfg = Debug|Any CPU
		{34404D3E-DBCF-40AA-8A9B-CB96B66C17E8}.Debug|Any CPU.Build.0 = Debug|Any CPU
		{34404D3E-DBCF-40AA-8A9B-CB96B66C17E8}.Release|Any CPU.ActiveCfg = Release|Any CPU
		{34404D3E-DBCF-40AA-8A9B-CB96B66C17E8}.Release|Any CPU.Build.0 = Release|Any CPU
		{4C4545CE-C232-4FE1-A955-5DA95585A14B}.Debug|Any CPU.ActiveCfg = Debug|Any CPU
		{4C4545CE-C232-4FE1-A955-5DA95585A14B}.Debug|Any CPU.Build.0 = Debug|Any CPU
		{4C4545CE-C232-4FE1-A955-5DA95585A14B}.Release|Any CPU.ActiveCfg = Release|Any CPU
		{4C4545CE-C232-4FE1-A955-5DA95585A14B}.Release|Any CPU.Build.0 = Release|Any CPU
		{DFB96B29-5BAD-4941-A26A-016ABE812FE3}.Debug|Any CPU.ActiveCfg = Debug|Any CPU
		{DFB96B29-5BAD-4941-A26A-016ABE812FE3}.Debug|Any CPU.Build.0 = Debug|Any CPU
		{DFB96B29-5BAD-4941-A26A-016ABE812FE3}.Release|Any CPU.ActiveCfg = Release|Any CPU
		{DFB96B29-5BAD-4941-A26A-016ABE812FE3}.Release|Any CPU.Build.0 = Release|Any CPU
		{A38FA7F2-1042-4351-8288-34008EAF9225}.Debug|Any CPU.ActiveCfg = Debug|Any CPU
		{A38FA7F2-1042-4351-8288-34008EAF9225}.Debug|Any CPU.Build.0 = Debug|Any CPU
		{A38FA7F2-1042-4351-8288-34008EAF9225}.Release|Any CPU.ActiveCfg = Release|Any CPU
		{A38FA7F2-1042-4351-8288-34008EAF9225}.Release|Any CPU.Build.0 = Release|Any CPU
		{20A9A6F2-6261-4590-8DDC-69D8F5D68D82}.Debug|Any CPU.ActiveCfg = Debug|Any CPU
		{20A9A6F2-6261-4590-8DDC-69D8F5D68D82}.Debug|Any CPU.Build.0 = Debug|Any CPU
		{20A9A6F2-6261-4590-8DDC-69D8F5D68D82}.Release|Any CPU.ActiveCfg = Release|Any CPU
		{20A9A6F2-6261-4590-8DDC-69D8F5D68D82}.Release|Any CPU.Build.0 = Release|Any CPU
		{01CF0B78-A5BD-4645-A768-48EC66131F58}.Debug|Any CPU.ActiveCfg = Debug|Any CPU
		{01CF0B78-A5BD-4645-A768-48EC66131F58}.Debug|Any CPU.Build.0 = Debug|Any CPU
		{01CF0B78-A5BD-4645-A768-48EC66131F58}.Release|Any CPU.ActiveCfg = Release|Any CPU
		{01CF0B78-A5BD-4645-A768-48EC66131F58}.Release|Any CPU.Build.0 = Release|Any CPU
		{3F3C1BCF-AE7A-482A-90F1-CEFDFD12481C}.Debug|Any CPU.ActiveCfg = Debug|Any CPU
		{3F3C1BCF-AE7A-482A-90F1-CEFDFD12481C}.Debug|Any CPU.Build.0 = Debug|Any CPU
		{3F3C1BCF-AE7A-482A-90F1-CEFDFD12481C}.Release|Any CPU.ActiveCfg = Release|Any CPU
		{3F3C1BCF-AE7A-482A-90F1-CEFDFD12481C}.Release|Any CPU.Build.0 = Release|Any CPU
		{2F865177-6157-4CC2-B99E-7441C91CB40B}.Debug|Any CPU.ActiveCfg = Debug|Any CPU
		{2F865177-6157-4CC2-B99E-7441C91CB40B}.Debug|Any CPU.Build.0 = Debug|Any CPU
		{2F865177-6157-4CC2-B99E-7441C91CB40B}.Release|Any CPU.ActiveCfg = Release|Any CPU
		{2F865177-6157-4CC2-B99E-7441C91CB40B}.Release|Any CPU.Build.0 = Release|Any CPU
		{BBB923F2-D381-467B-B468-AD7EDB148A2D}.Debug|Any CPU.ActiveCfg = Debug|Any CPU
		{BBB923F2-D381-467B-B468-AD7EDB148A2D}.Debug|Any CPU.Build.0 = Debug|Any CPU
		{BBB923F2-D381-467B-B468-AD7EDB148A2D}.Release|Any CPU.ActiveCfg = Release|Any CPU
		{BBB923F2-D381-467B-B468-AD7EDB148A2D}.Release|Any CPU.Build.0 = Release|Any CPU
	EndGlobalSection
	GlobalSection(SolutionProperties) = preSolution
		HideSolutionNode = FALSE
	EndGlobalSection
	GlobalSection(NestedProjects) = preSolution
		{DBC6AAFF-C207-40F1-AC78-8B000FD0D069} = {EC43F888-239B-44FD-B3B1-E1FCA7C45255}
		{41D1D17A-F9D3-46F7-A07D-823846EEA471} = {EC43F888-239B-44FD-B3B1-E1FCA7C45255}
		{2122D4BE-8FC5-41FB-8CB7-7EC83AB9113A} = {EC43F888-239B-44FD-B3B1-E1FCA7C45255}
		{E16BA475-9978-470C-95C3-773DAA7F6DC0} = {12CC645F-4CE5-4217-8ACD-D6ADBD7B5CFE}
		{0DD8565A-8629-4C9A-9B6B-DF7744E503C8} = {12CC645F-4CE5-4217-8ACD-D6ADBD7B5CFE}
		{D1E226B5-B7A7-4AD5-A72A-CD69903B32FB} = {12CC645F-4CE5-4217-8ACD-D6ADBD7B5CFE}
		{2BDBBD1F-857F-416A-BF97-F7DF2521D889} = {5C59F58E-19A4-4606-A3FF-D16A0921CCC3}
		{030564A9-762C-4622-B32D-504F0B527709} = {5C59F58E-19A4-4606-A3FF-D16A0921CCC3}
		{0829E8B1-688B-4797-959A-7C0307C85D26} = {5C59F58E-19A4-4606-A3FF-D16A0921CCC3}
		{EEC46D6C-CE25-43EF-A4C7-2AE400D556A6} = {38991F7D-458C-4FE4-A13A-E9FB90D59CAC}
		{BCADE0E3-E553-4D52-9BD7-EF43BDA79775} = {38991F7D-458C-4FE4-A13A-E9FB90D59CAC}
		{B13D44B5-0875-42F1-955B-6CCE93C9D31F} = {38991F7D-458C-4FE4-A13A-E9FB90D59CAC}
		{00C21DA5-D079-4B4C-B2F1-77B4AC7E4499} = {D7F95365-115D-473D-B3BE-190F412433CB}
		{A7613D10-A95D-48CE-887A-B3000855D087} = {D7F95365-115D-473D-B3BE-190F412433CB}
		{4DBD3272-98F8-4CC3-9A4D-234ACB838CF0} = {D7F95365-115D-473D-B3BE-190F412433CB}
		{34404D3E-DBCF-40AA-8A9B-CB96B66C17E8} = {5BB64B23-7093-4AA3-9973-67B8FD0C368F}
		{4C4545CE-C232-4FE1-A955-5DA95585A14B} = {5BB64B23-7093-4AA3-9973-67B8FD0C368F}
		{DFB96B29-5BAD-4941-A26A-016ABE812FE3} = {5BB64B23-7093-4AA3-9973-67B8FD0C368F}
		{A38FA7F2-1042-4351-8288-34008EAF9225} = {F6D74B70-949B-4847-A878-2E157D71CEB1}
		{20A9A6F2-6261-4590-8DDC-69D8F5D68D82} = {F6D74B70-949B-4847-A878-2E157D71CEB1}
		{01CF0B78-A5BD-4645-A768-48EC66131F58} = {F6D74B70-949B-4847-A878-2E157D71CEB1}
		{3F3C1BCF-AE7A-482A-90F1-CEFDFD12481C} = {728558AD-D86A-4BBC-8028-3E9543341D2C}
		{2F865177-6157-4CC2-B99E-7441C91CB40B} = {728558AD-D86A-4BBC-8028-3E9543341D2C}
		{BBB923F2-D381-467B-B468-AD7EDB148A2D} = {728558AD-D86A-4BBC-8028-3E9543341D2C}
	EndGlobalSection
	GlobalSection(ExtensibilityGlobals) = postSolution
		SolutionGuid = {B612AA07-E3C1-4E1D-A34E-ED05C7140CEF}
	EndGlobalSection
EndGlobal
