
Microsoft Visual Studio Solution File, Format Version 12.00
# Visual Studio Version 16
VisualStudioVersion = 16.0.34031.81
MinimumVisualStudioVersion = 10.0.40219.1
Project("{2150E333-8FDC-42A3-9474-1A3956D46DE8}") = "Task0", "Task0", "{EC43F888-239B-44FD-B3B1-E1FCA7C45255}"
EndProject
Project("{FAE04EC0-301F-11D3-BF4B-00C04F79EFBC}") = "Tyuiu.ChepurnykhSR.Sprint2.Task0.V3", "Tyuiu.ChepurnykhSR.Sprint2.Task0.V3\Tyuiu.ChepurnykhSR.Sprint2.Task0.V3.csproj", "{DBC6AAFF-C207-40F1-AC78-8B000FD0D069}"
EndProject
Project("{FAE04EC0-301F-11D3-BF4B-00C04F79EFBC}") = "Tyuiu.ChepurnykhSR.Sprint2.Task0.V3.Lib", "Tyuiu.ChepurnykhSR.Sprint2.Task0.V3.Lib\Tyuiu.ChepurnykhSR.Sprint2.Task0.V3.Lib.csproj", "{41D1D17A-F9D3-46F7-A07D-823846EEA471}"
EndProject
Project("{FAE04EC0-301F-11D3-BF4B-00C04F79EFBC}") = "Tyuiu.ChepurnykhSR.Sprint2.Task0.V3.Test", "Tyuiu.ChepurnykhSR.Sprint2.Task0.V3.Test\Tyuiu.ChepurnykhSR.Sprint2.Task0.V3.Test.csproj", "{2122D4BE-8FC5-41FB-8CB7-7EC83AB9113A}"
EndProject
Global
	GlobalSection(SolutionConfigurationPlatforms) = preSolution
		Debug|Any CPU = Debug|Any CPU
		Release|Any CPU = Release|Any CPU
	EndGlobalSection
	GlobalSection(ProjectConfigurationPlatforms) = postSolution
		{DBC6AAFF-C207-40F1-AC78-8B000FD0D069}.Debug|Any CPU.ActiveCfg = Debug|Any CPU
		{DBC6AAFF-C207-40F1-AC78-8B000FD0D069}.Debug|Any CPU.Build.0 = Debug|Any CPU
		{DBC6AAFF-C207-40F1-AC78-8B000FD0D069}.Release|Any CPU.ActiveCfg = Release|Any CPU
		{DBC6AAFF-C207-40F1-AC78-8B000FD0D069}.Release|Any CPU.Build.0 = Release|Any CPU
		{41D1D17A-F9D3-46F7-A07D-823846EEA471}.Debug|Any CPU.ActiveCfg = Debug|Any CPU
		{41D1D17A-F9D3-46F7-A07D-823846EEA471}.Debug|Any CPU.Build.0 = Debug|Any CPU
		{41D1D17A-F9D3-46F7-A07D-823846EEA471}.Release|Any CPU.ActiveCfg = Release|Any CPU
		{41D1D17A-F9D3-46F7-A07D-823846EEA471}.Release|Any CPU.Build.0 = Release|Any CPU
		{2122D4BE-8FC5-41FB-8CB7-7EC83AB9113A}.Debug|Any CPU.ActiveCfg = Debug|Any CPU
		{2122D4BE-8FC5-41FB-8CB7-7EC83AB9113A}.Debug|Any CPU.Build.0 = Debug|Any CPU
		{2122D4BE-8FC5-41FB-8CB7-7EC83AB9113A}.Release|Any CPU.ActiveCfg = Release|Any CPU
		{2122D4BE-8FC5-41FB-8CB7-7EC83AB9113A}.Release|Any CPU.Build.0 = Release|Any CPU
	EndGlobalSection
	GlobalSection(SolutionProperties) = preSolution
		HideSolutionNode = FALSE
	EndGlobalSection
	GlobalSection(NestedProjects) = preSolution
		{DBC6AAFF-C207-40F1-AC78-8B000FD0D069} = {EC43F888-239B-44FD-B3B1-E1FCA7C45255}
		{41D1D17A-F9D3-46F7-A07D-823846EEA471} = {EC43F888-239B-44FD-B3B1-E1FCA7C45255}
		{2122D4BE-8FC5-41FB-8CB7-7EC83AB9113A} = {EC43F888-239B-44FD-B3B1-E1FCA7C45255}
	EndGlobalSection
	GlobalSection(ExtensibilityGlobals) = postSolution
		SolutionGuid = {B612AA07-E3C1-4E1D-A34E-ED05C7140CEF}
	EndGlobalSection
EndGlobal
